<?xml version="1.0" encoding="utf-8"?>
<Project ToolsVersion="4.0" xmlns="http://schemas.microsoft.com/developer/msbuild/2003">
  <ItemGroup>
    <Filter Include="Source Files">
      <UniqueIdentifier>{4FC737F1-C7A5-4376-A066-2A32D752A2FF}</UniqueIdentifier>
      <Extensions>cpp;c;cc;cxx;def;odl;idl;hpj;bat;asm;asmx</Extensions>
    </Filter>
    <Filter Include="Header Files">
      <UniqueIdentifier>{93995380-89BD-4b04-88EB-625FBE52EBFB}</UniqueIdentifier>
      <Extensions>h;hh;hpp;hxx;hm;inl;inc;xsd</Extensions>
    </Filter>
    <Filter Include="Resource Files">
      <UniqueIdentifier>{67DA6AB6-F800-4c08-8B7A-83BB121AAD01}</UniqueIdentifier>
      <Extensions>qrc;rc;ico;cur;bmp;dlg;rc2;rct;bin;rgs;gif;jpg;jpeg;jpe;resx;tiff;tif;png;wav;mfcribbon-ms</Extensions>
    </Filter>
    <Filter Include="Form Files">
      <UniqueIdentifier>{99349809-55BA-4b9d-BF79-8FDBB0286EB3}</UniqueIdentifier>
      <Extensions>ui</Extensions>
    </Filter>
    <Filter Include="Camera">
      <UniqueIdentifier>{d11f858f-a37c-42c4-9a70-7bf8d7792f12}</UniqueIdentifier>
    </Filter>
  </ItemGroup>
  <ItemGroup>
    <QtRcc Include="CameraCalibrator.qrc">
      <Filter>Resource Files</Filter>
    </QtRcc>
    <QtUic Include="MainWindow.ui">
      <Filter>Form Files</Filter>
    </QtUic>
    <QtRcc Include="loader.qrc">
      <Filter>Resource Files</Filter>
    </QtRcc>
  </ItemGroup>
  <ItemGroup>
    <ClCompile Include="Main.cpp">
      <Filter>Source Files</Filter>
    </ClCompile>
    <ClCompile Include="Camera\AbstractCameraCalibrator.cpp">
      <Filter>Camera</Filter>
    </ClCompile>
    <ClCompile Include="Camera\CalibratorConfiguration.cpp">
      <Filter>Camera</Filter>
    </ClCompile>
    <ClCompile Include="Camera\CameraCalibratorHelper.cpp">
      <Filter>Camera</Filter>
    </ClCompile>
    <ClCompile Include="Camera\MonoCameraCalibrator.cpp">
      <Filter>Camera</Filter>
    </ClCompile>
    <ClCompile Include="Camera\StereoCameraCalibrator.cpp">
      <Filter>Camera</Filter>
    </ClCompile>
    <ClCompile Include="Workerthread.cpp">
      <Filter>Source Files</Filter>
    </ClCompile>
    <ClCompile Include="GraphicsViewZoom.cpp">
      <Filter>Source Files</Filter>
    </ClCompile>
    <ClCompile Include="MainWindow.cpp">
      <Filter>Source Files</Filter>
    </ClCompile>
    <ClCompile Include="CustomGraphicsItemClass.cpp">
      <Filter>Source Files</Filter>
    </ClCompile>
  </ItemGroup>
  <ItemGroup>
    <ClInclude Include="Camera\AbstractCameraCalibrator.h">
      <Filter>Camera</Filter>
    </ClInclude>
    <ClInclude Include="Camera\CalibratorConfiguration.h">
      <Filter>Camera</Filter>
    </ClInclude>
    <ClInclude Include="Camera\CameraCalibratorHelper.h">
      <Filter>Camera</Filter>
    </ClInclude>
    <ClInclude Include="Camera\MonoCameraCalibrator.h">
      <Filter>Camera</Filter>
    </ClInclude>
    <ClInclude Include="Camera\StereoCameraCalibrator.h">
      <Filter>Camera</Filter>
    </ClInclude>
    <ClInclude Include="resource.h">
      <Filter>Header Files</Filter>
    </ClInclude>
  </ItemGroup>
  <ItemGroup>
    <QtMoc Include="MainWindow.h">
      <Filter>Header Files</Filter>
    </QtMoc>
    <QtMoc Include="Workerthread.h">
      <Filter>Header Files</Filter>
    </QtMoc>
    <QtMoc Include="GraphicsViewZoom.h">
      <Filter>Header Files</Filter>
    </QtMoc>
    <QtMoc Include="CustomGraphicsItemClass.h">
      <Filter>Header Files</Filter>
    </QtMoc>
  </ItemGroup>
</Project>